
Microsoft Visual Studio Solution File, Format Version 12.00
# Visual Studio Version 16
VisualStudioVersion = 16.0.31515.178
MinimumVisualStudioVersion = 10.0.40219.1
Project("{FAE04EC0-301F-11D3-BF4B-00C04F79EFBC}") = "FetchImages", "FetchImages\FetchImages.csproj", "{191DC0BA-8D2B-409E-AF80-BEB2FA898949}"
EndProject
Project("{FAE04EC0-301F-11D3-BF4B-00C04F79EFBC}") = "TuplesExample", "TuplesExample\TuplesExample.csproj", "{625B7AF9-A97A-4C69-BF64-35FC47BD3F7B}"
EndProject
Project("{FAE04EC0-301F-11D3-BF4B-00C04F79EFBC}") = "GenericsExample", "GenericsExample\GenericsExample.csproj", "{D6941CE7-5A5B-4676-A96E-DA0F60458176}"
EndProject
Project("{FAE04EC0-301F-11D3-BF4B-00C04F79EFBC}") = "SerializationExample", "SerializationExample\SerializationExample.csproj", "{A6A25CBD-8055-4A0D-A1AD-B2720F383B32}"
EndProject
Global
	GlobalSection(SolutionConfigurationPlatforms) = preSolution
		Debug|Any CPU = Debug|Any CPU
		Release|Any CPU = Release|Any CPU
	EndGlobalSection
	GlobalSection(ProjectConfigurationPlatforms) = postSolution
		{191DC0BA-8D2B-409E-AF80-BEB2FA898949}.Debug|Any CPU.ActiveCfg = Debug|Any CPU
		{191DC0BA-8D2B-409E-AF80-BEB2FA898949}.Debug|Any CPU.Build.0 = Debug|Any CPU
		{191DC0BA-8D2B-409E-AF80-BEB2FA898949}.Release|Any CPU.ActiveCfg = Release|Any CPU
		{191DC0BA-8D2B-409E-AF80-BEB2FA898949}.Release|Any CPU.Build.0 = Release|Any CPU
		{625B7AF9-A97A-4C69-BF64-35FC47BD3F7B}.Debug|Any CPU.ActiveCfg = Debug|Any CPU
		{625B7AF9-A97A-4C69-BF64-35FC47BD3F7B}.Debug|Any CPU.Build.0 = Debug|Any CPU
		{625B7AF9-A97A-4C69-BF64-35FC47BD3F7B}.Release|Any CPU.ActiveCfg = Release|Any CPU
		{625B7AF9-A97A-4C69-BF64-35FC47BD3F7B}.Release|Any CPU.Build.0 = Release|Any CPU
		{D6941CE7-5A5B-4676-A96E-DA0F60458176}.Debug|Any CPU.ActiveCfg = Debug|Any CPU
		{D6941CE7-5A5B-4676-A96E-DA0F60458176}.Debug|Any CPU.Build.0 = Debug|Any CPU
		{D6941CE7-5A5B-4676-A96E-DA0F60458176}.Release|Any CPU.ActiveCfg = Release|Any CPU
		{D6941CE7-5A5B-4676-A96E-DA0F60458176}.Release|Any CPU.Build.0 = Release|Any CPU
		{A6A25CBD-8055-4A0D-A1AD-B2720F383B32}.Debug|Any CPU.ActiveCfg = Debug|Any CPU
		{A6A25CBD-8055-4A0D-A1AD-B2720F383B32}.Debug|Any CPU.Build.0 = Debug|Any CPU
		{A6A25CBD-8055-4A0D-A1AD-B2720F383B32}.Release|Any CPU.ActiveCfg = Release|Any CPU
		{A6A25CBD-8055-4A0D-A1AD-B2720F383B32}.Release|Any CPU.Build.0 = Release|Any CPU
	EndGlobalSection
	GlobalSection(SolutionProperties) = preSolution
		HideSolutionNode = FALSE
	EndGlobalSection
	GlobalSection(ExtensibilityGlobals) = postSolution
		SolutionGuid = {E8AFF3AE-BB4C-49C2-88FC-E7A38C548343}
	EndGlobalSection
EndGlobal
